{
  "version": 4,
  "terraform_version": "1.3.1",
  "serial": 68,
  "lineage": "56b569cf-a033-c238-2757-0376091bf015",
  "outputs": {},
  "resources": [
    {
      "mode": "managed",
      "type": "google_cloud_scheduler_job",
      "name": "job",
      "provider": "provider[\"registry.terraform.io/hashicorp/google\"]",
      "instances": [
        {
          "schema_version": 0,
          "attributes": {
            "app_engine_http_target": [],
            "attempt_deadline": "",
            "description": "",
            "http_target": [],
            "id": "projects/iaas-demo-208601/locations/asia-northeast3/jobs/quota-monitor",
            "name": "quota-monitor",
            "paused": false,
            "project": "iaas-demo-208601",
            "pubsub_target": [
              {
                "attributes": null,
                "data": "eyJnY2VfcHJvamVjdCI6bnVsbCwiZ2NlX3JlZ2lvbiI6bnVsbCwia2V5d29yZHMiOm51bGx9",
                "topic_name": "projects/iaas-demo-208601/topics/quota-monitor"
              }
            ],
            "region": "asia-northeast3",
            "retry_config": [],
            "schedule": "0 * * * *",
            "state": "ENABLED",
            "time_zone": "UTC",
            "timeouts": null
          },
          "sensitive_attributes": [],
          "private": "eyJlMmJmYjczMC1lY2FhLTExZTYtOGY4OC0zNDM2M2JjN2M0YzAiOnsiY3JlYXRlIjoxMjAwMDAwMDAwMDAwLCJkZWxldGUiOjEyMDAwMDAwMDAwMDAsInVwZGF0ZSI6MTIwMDAwMDAwMDAwMH19",
          "dependencies": [
            "module.project.data.google_project.project",
            "module.project.google_compute_shared_vpc_host_project.shared_vpc_host",
            "module.project.google_compute_shared_vpc_service_project.service_projects",
            "module.project.google_compute_shared_vpc_service_project.shared_vpc_service",
            "module.project.google_kms_crypto_key_iam_member.service_identity_cmek",
            "module.project.google_org_policy_policy.default",
            "module.project.google_project.project",
            "module.project.google_project_iam_member.servicenetworking",
            "module.project.google_project_iam_member.shared_vpc_host_robots",
            "module.project.google_project_service.project_services",
            "module.project.google_project_service_identity.jit_si",
            "module.project.google_project_service_identity.servicenetworking",
            "module.pubsub.google_pubsub_schema.default",
            "module.pubsub.google_pubsub_topic.default",
            "module.pubsub.google_pubsub_topic_iam_binding.default"
          ]
        }
      ]
    },
    {
      "mode": "managed",
      "type": "google_monitoring_alert_policy",
      "name": "alert_policy",
      "provider": "provider[\"registry.terraform.io/hashicorp/google\"]",
      "instances": [
        {
          "index_key": 0,
          "schema_version": 0,
          "attributes": {
            "alert_strategy": [],
            "combiner": "OR",
            "conditions": [
              {
                "condition_absent": [],
                "condition_matched_log": [],
                "condition_monitoring_query_language": [],
                "condition_threshold": [
                  {
                    "aggregations": [
                      {
                        "alignment_period": "60s",
                        "cross_series_reducer": "",
                        "group_by_fields": [],
                        "per_series_aligner": "ALIGN_MEAN"
                      }
                    ],
                    "comparison": "COMPARISON_GT",
                    "denominator_aggregations": [],
                    "denominator_filter": "",
                    "duration": "0s",
                    "evaluation_missing_data": "",
                    "filter": "metric.type=\"serviceruntime.googleapis.com/quota/allocation/usage\" resource.type=\"consumer_quota\" metric.label.quota_metric=\"compute.googleapis.com/cpus\"",
                    "threshold_value": 10,
                    "trigger": [
                      {
                        "count": 1,
                        "percent": 0
                      }
                    ]
                  }
                ],
                "display_name": "simple quota threshold for cpus count",
                "name": "projects/iaas-demo-208601/alertPolicies/13360538182825405966/conditions/13360538182825405217"
              }
            ],
            "creation_record": [
              {
                "mutate_time": "2022-12-12T04:31:21.399269059Z",
                "mutated_by": "subin.cho@bespinglobal.com"
              }
            ],
            "display_name": "Quota monitor - CPU Count",
            "documentation": [
              {
                "content": "GCE cpus quota over threshold.",
                "mime_type": "text/markdown"
              }
            ],
            "enabled": false,
            "id": "projects/iaas-demo-208601/alertPolicies/13360538182825405966",
            "name": "projects/iaas-demo-208601/alertPolicies/13360538182825405966",
            "notification_channels": null,
            "project": "iaas-demo-208601",
            "timeouts": null,
            "user_labels": {
              "name": "quota-monitor"
            }
          },
          "sensitive_attributes": [],
          "private": "eyJlMmJmYjczMC1lY2FhLTExZTYtOGY4OC0zNDM2M2JjN2M0YzAiOnsiY3JlYXRlIjoxMjAwMDAwMDAwMDAwLCJkZWxldGUiOjEyMDAwMDAwMDAwMDAsInVwZGF0ZSI6MTIwMDAwMDAwMDAwMH19",
          "dependencies": [
            "module.project.data.google_project.project",
            "module.project.google_compute_shared_vpc_host_project.shared_vpc_host",
            "module.project.google_compute_shared_vpc_service_project.service_projects",
            "module.project.google_compute_shared_vpc_service_project.shared_vpc_service",
            "module.project.google_kms_crypto_key_iam_member.service_identity_cmek",
            "module.project.google_org_policy_policy.default",
            "module.project.google_project.project",
            "module.project.google_project_iam_member.servicenetworking",
            "module.project.google_project_iam_member.shared_vpc_host_robots",
            "module.project.google_project_service.project_services",
            "module.project.google_project_service_identity.jit_si",
            "module.project.google_project_service_identity.servicenetworking"
          ]
        }
      ]
    },
    {
      "mode": "managed",
      "type": "google_monitoring_alert_policy",
      "name": "alert_policy2",
      "provider": "provider[\"registry.terraform.io/hashicorp/google\"]",
      "instances": [
        {
          "index_key": 0,
          "schema_version": 0,
          "attributes": {
            "alert_strategy": [],
            "combiner": "OR",
            "conditions": [
              {
                "condition_absent": [],
                "condition_matched_log": [],
                "condition_monitoring_query_language": [],
                "condition_threshold": [
                  {
                    "aggregations": [
                      {
                        "alignment_period": "60s",
                        "cross_series_reducer": "",
                        "group_by_fields": [],
                        "per_series_aligner": "ALIGN_MEAN"
                      }
                    ],
                    "comparison": "COMPARISON_GT",
                    "denominator_aggregations": [],
                    "denominator_filter": "",
                    "duration": "0s",
                    "evaluation_missing_data": "",
                    "filter": "metric.type=\"serviceruntime.googleapis.com/quota/allocation/usage\" resource.type=\"consumer_quota\" metric.label.quota_metric=\"bigqueryreservation.googleapis.com/total_slots\"",
                    "threshold_value": 50,
                    "trigger": [
                      {
                        "count": 1,
                        "percent": 0
                      }
                    ]
                  }
                ],
                "display_name": "simple quota threshold for BigQuery slots",
                "name": "projects/iaas-demo-208601/alertPolicies/4600896644253927990/conditions/4600896644253928793"
              }
            ],
            "creation_record": [
              {
                "mutate_time": "2022-12-12T04:31:17.293934975Z",
                "mutated_by": "subin.cho@bespinglobal.com"
              }
            ],
            "display_name": "Quota monitor - BigQuery Total Slots",
            "documentation": [
              {
                "content": "BigQuery slots quota over threshold.",
                "mime_type": "text/markdown"
              }
            ],
            "enabled": false,
            "id": "projects/iaas-demo-208601/alertPolicies/4600896644253927990",
            "name": "projects/iaas-demo-208601/alertPolicies/4600896644253927990",
            "notification_channels": null,
            "project": "iaas-demo-208601",
            "timeouts": null,
            "user_labels": {
              "name": "quota-monitor"
            }
          },
          "sensitive_attributes": [],
          "private": "eyJlMmJmYjczMC1lY2FhLTExZTYtOGY4OC0zNDM2M2JjN2M0YzAiOnsiY3JlYXRlIjoxMjAwMDAwMDAwMDAwLCJkZWxldGUiOjEyMDAwMDAwMDAwMDAsInVwZGF0ZSI6MTIwMDAwMDAwMDAwMH19",
          "dependencies": [
            "module.project.data.google_project.project",
            "module.project.google_compute_shared_vpc_host_project.shared_vpc_host",
            "module.project.google_compute_shared_vpc_service_project.service_projects",
            "module.project.google_compute_shared_vpc_service_project.shared_vpc_service",
            "module.project.google_kms_crypto_key_iam_member.service_identity_cmek",
            "module.project.google_org_policy_policy.default",
            "module.project.google_project.project",
            "module.project.google_project_iam_member.servicenetworking",
            "module.project.google_project_iam_member.shared_vpc_host_robots",
            "module.project.google_project_service.project_services",
            "module.project.google_project_service_identity.jit_si",
            "module.project.google_project_service_identity.servicenetworking"
          ]
        }
      ]
    },
    {
      "mode": "managed",
      "type": "google_monitoring_alert_policy",
      "name": "alert_policy3",
      "provider": "provider[\"registry.terraform.io/hashicorp/google\"]",
      "instances": [
        {
          "index_key": 0,
          "schema_version": 0,
          "attributes": {
            "alert_strategy": [],
            "combiner": "OR",
            "conditions": [
              {
                "condition_absent": [],
                "condition_matched_log": [],
                "condition_monitoring_query_language": [],
                "condition_threshold": [
                  {
                    "aggregations": [
                      {
                        "alignment_period": "60s",
                        "cross_series_reducer": "",
                        "group_by_fields": [],
                        "per_series_aligner": "ALIGN_COUNT_TRUE"
                      }
                    ],
                    "comparison": "COMPARISON_GT",
                    "denominator_aggregations": [],
                    "denominator_filter": "",
                    "duration": "0s",
                    "evaluation_missing_data": "",
                    "filter": "metric.type=\"serviceruntime.googleapis.com/quota/exceeded\" resource.type=\"consumer_quota\" metric.label.quota_metric=\"bigquery.googleapis.com/quota/query/usage\"",
                    "threshold_value": 0,
                    "trigger": [
                      {
                        "count": 1,
                        "percent": 0
                      }
                    ]
                  }
                ],
                "display_name": "simple limit threshold for BigQuery usage",
                "name": "projects/iaas-demo-208601/alertPolicies/12972208308587553594/conditions/12972208308587553033"
              }
            ],
            "creation_record": [
              {
                "mutate_time": "2022-12-12T04:31:20.028413298Z",
                "mutated_by": "subin.cho@bespinglobal.com"
              }
            ],
            "display_name": "Quota monitor - BigQuery Usage",
            "documentation": [
              {
                "content": "BigQuery Usage limit over threshold.",
                "mime_type": "text/markdown"
              }
            ],
            "enabled": false,
            "id": "projects/iaas-demo-208601/alertPolicies/12972208308587553594",
            "name": "projects/iaas-demo-208601/alertPolicies/12972208308587553594",
            "notification_channels": null,
            "project": "iaas-demo-208601",
            "timeouts": null,
            "user_labels": {
              "name": "quota-monitor"
            }
          },
          "sensitive_attributes": [],
          "private": "eyJlMmJmYjczMC1lY2FhLTExZTYtOGY4OC0zNDM2M2JjN2M0YzAiOnsiY3JlYXRlIjoxMjAwMDAwMDAwMDAwLCJkZWxldGUiOjEyMDAwMDAwMDAwMDAsInVwZGF0ZSI6MTIwMDAwMDAwMDAwMH19",
          "dependencies": [
            "module.project.data.google_project.project",
            "module.project.google_compute_shared_vpc_host_project.shared_vpc_host",
            "module.project.google_compute_shared_vpc_service_project.service_projects",
            "module.project.google_compute_shared_vpc_service_project.shared_vpc_service",
            "module.project.google_kms_crypto_key_iam_member.service_identity_cmek",
            "module.project.google_org_policy_policy.default",
            "module.project.google_project.project",
            "module.project.google_project_iam_member.servicenetworking",
            "module.project.google_project_iam_member.shared_vpc_host_robots",
            "module.project.google_project_service.project_services",
            "module.project.google_project_service_identity.jit_si",
            "module.project.google_project_service_identity.servicenetworking"
          ]
        }
      ]
    },
    {
      "mode": "managed",
      "type": "google_monitoring_alert_policy",
      "name": "alert_policy4",
      "provider": "provider[\"registry.terraform.io/hashicorp/google\"]",
      "instances": [
        {
          "index_key": 0,
          "schema_version": 0,
          "attributes": {
            "alert_strategy": [],
            "combiner": "OR",
            "conditions": [
              {
                "condition_absent": [],
                "condition_matched_log": [],
                "condition_monitoring_query_language": [],
                "condition_threshold": [
                  {
                    "aggregations": [
                      {
                        "alignment_period": "60s",
                        "cross_series_reducer": "",
                        "group_by_fields": [],
                        "per_series_aligner": "ALIGN_MEAN"
                      }
                    ],
                    "comparison": "COMPARISON_GT",
                    "denominator_aggregations": [],
                    "denominator_filter": "",
                    "duration": "0s",
                    "evaluation_missing_data": "",
                    "filter": "metric.type=\"serviceruntime.googleapis.com/quota/allocation/usage\" resource.type=\"consumer_quota\" metric.label.quota_metric=\"iam.googleapis.com/quota/service-account-count\"",
                    "threshold_value": 10,
                    "trigger": [
                      {
                        "count": 1,
                        "percent": 0
                      }
                    ]
                  }
                ],
                "display_name": "simple quota threshold for SA count",
                "name": "projects/iaas-demo-208601/alertPolicies/13360538182825405076/conditions/13360538182825404327"
              }
            ],
            "creation_record": [
              {
                "mutate_time": "2022-12-12T04:31:24.095459363Z",
                "mutated_by": "subin.cho@bespinglobal.com"
              }
            ],
            "display_name": "Quota monitor - Service Account Count",
            "documentation": [
              {
                "content": "Service Account Count quota over threshold.",
                "mime_type": "text/markdown"
              }
            ],
            "enabled": false,
            "id": "projects/iaas-demo-208601/alertPolicies/13360538182825405076",
            "name": "projects/iaas-demo-208601/alertPolicies/13360538182825405076",
            "notification_channels": null,
            "project": "iaas-demo-208601",
            "timeouts": null,
            "user_labels": {
              "name": "quota-monitor"
            }
          },
          "sensitive_attributes": [],
          "private": "eyJlMmJmYjczMC1lY2FhLTExZTYtOGY4OC0zNDM2M2JjN2M0YzAiOnsiY3JlYXRlIjoxMjAwMDAwMDAwMDAwLCJkZWxldGUiOjEyMDAwMDAwMDAwMDAsInVwZGF0ZSI6MTIwMDAwMDAwMDAwMH19",
          "dependencies": [
            "module.project.data.google_project.project",
            "module.project.google_compute_shared_vpc_host_project.shared_vpc_host",
            "module.project.google_compute_shared_vpc_service_project.service_projects",
            "module.project.google_compute_shared_vpc_service_project.shared_vpc_service",
            "module.project.google_kms_crypto_key_iam_member.service_identity_cmek",
            "module.project.google_org_policy_policy.default",
            "module.project.google_project.project",
            "module.project.google_project_iam_member.servicenetworking",
            "module.project.google_project_iam_member.shared_vpc_host_robots",
            "module.project.google_project_service.project_services",
            "module.project.google_project_service_identity.jit_si",
            "module.project.google_project_service_identity.servicenetworking"
          ]
        }
      ]
    },
    {
      "mode": "managed",
      "type": "google_monitoring_alert_policy",
      "name": "alert_policy5",
      "provider": "provider[\"registry.terraform.io/hashicorp/google\"]",
      "instances": [
        {
          "index_key": 0,
          "schema_version": 0,
          "attributes": {
            "alert_strategy": [],
            "combiner": "OR",
            "conditions": [
              {
                "condition_absent": [],
                "condition_matched_log": [],
                "condition_monitoring_query_language": [],
                "condition_threshold": [
                  {
                    "aggregations": [
                      {
                        "alignment_period": "60s",
                        "cross_series_reducer": "",
                        "group_by_fields": [],
                        "per_series_aligner": "ALIGN_MEAN"
                      }
                    ],
                    "comparison": "COMPARISON_GT",
                    "denominator_aggregations": [],
                    "denominator_filter": "",
                    "duration": "0s",
                    "evaluation_missing_data": "",
                    "filter": "metric.type=\"serviceruntime.googleapis.com/quota/allocation/usage\" resource.type=\"consumer_quota\" metric.label.quota_metric=\"compute.googleapis.com/instances\"",
                    "threshold_value": 10,
                    "trigger": [
                      {
                        "count": 1,
                        "percent": 0
                      }
                    ]
                  }
                ],
                "display_name": "simple quota threshold for Compute Engine Instances",
                "name": "projects/iaas-demo-208601/alertPolicies/2090214119308208118/conditions/2090214119308208799"
              }
            ],
            "creation_record": [
              {
                "mutate_time": "2022-12-12T04:31:25.500526206Z",
                "mutated_by": "subin.cho@bespinglobal.com"
              }
            ],
            "display_name": "Quota monitor - Compute Engine Instances",
            "documentation": [
              {
                "content": "Compute Engine Instances quota over threshold.",
                "mime_type": "text/markdown"
              }
            ],
            "enabled": false,
            "id": "projects/iaas-demo-208601/alertPolicies/2090214119308208118",
            "name": "projects/iaas-demo-208601/alertPolicies/2090214119308208118",
            "notification_channels": null,
            "project": "iaas-demo-208601",
            "timeouts": null,
            "user_labels": {
              "name": "quota-monitor"
            }
          },
          "sensitive_attributes": [],
          "private": "eyJlMmJmYjczMC1lY2FhLTExZTYtOGY4OC0zNDM2M2JjN2M0YzAiOnsiY3JlYXRlIjoxMjAwMDAwMDAwMDAwLCJkZWxldGUiOjEyMDAwMDAwMDAwMDAsInVwZGF0ZSI6MTIwMDAwMDAwMDAwMH19",
          "dependencies": [
            "module.project.data.google_project.project",
            "module.project.google_compute_shared_vpc_host_project.shared_vpc_host",
            "module.project.google_compute_shared_vpc_service_project.service_projects",
            "module.project.google_compute_shared_vpc_service_project.shared_vpc_service",
            "module.project.google_kms_crypto_key_iam_member.service_identity_cmek",
            "module.project.google_org_policy_policy.default",
            "module.project.google_project.project",
            "module.project.google_project_iam_member.servicenetworking",
            "module.project.google_project_iam_member.shared_vpc_host_robots",
            "module.project.google_project_service.project_services",
            "module.project.google_project_service_identity.jit_si",
            "module.project.google_project_service_identity.servicenetworking"
          ]
        }
      ]
    },
    {
      "mode": "managed",
      "type": "google_monitoring_alert_policy",
      "name": "alert_policy6",
      "provider": "provider[\"registry.terraform.io/hashicorp/google\"]",
      "instances": [
        {
          "index_key": 0,
          "schema_version": 0,
          "attributes": {
            "alert_strategy": [],
            "combiner": "OR",
            "conditions": [
              {
                "condition_absent": [],
                "condition_matched_log": [],
                "condition_monitoring_query_language": [],
                "condition_threshold": [
                  {
                    "aggregations": [
                      {
                        "alignment_period": "60s",
                        "cross_series_reducer": "",
                        "group_by_fields": [],
                        "per_series_aligner": "ALIGN_MEAN"
                      }
                    ],
                    "comparison": "COMPARISON_GT",
                    "denominator_aggregations": [],
                    "denominator_filter": "",
                    "duration": "0s",
                    "evaluation_missing_data": "",
                    "filter": "metric.type=\"serviceruntime.googleapis.com/quota/allocation/usage\" resource.type=\"consumer_quota\" metric.label.quota_metric=\"compute.googleapis.com/compute.googleapis.com/global_in_use_addresses\"",
                    "threshold_value": 10,
                    "trigger": [
                      {
                        "count": 1,
                        "percent": 0
                      }
                    ]
                  }
                ],
                "display_name": "simple quota threshold for global_in_use_addresses",
                "name": "projects/iaas-demo-208601/alertPolicies/4600896644253927180/conditions/4600896644253927983"
              }
            ],
            "creation_record": [
              {
                "mutate_time": "2022-12-12T04:31:22.770707982Z",
                "mutated_by": "subin.cho@bespinglobal.com"
              }
            ],
            "display_name": "Quota monitor - In Use Adresses(Global)",
            "documentation": [
              {
                "content": "Global_in_use_addresses quota over threshold.",
                "mime_type": "text/markdown"
              }
            ],
            "enabled": false,
            "id": "projects/iaas-demo-208601/alertPolicies/4600896644253927180",
            "name": "projects/iaas-demo-208601/alertPolicies/4600896644253927180",
            "notification_channels": null,
            "project": "iaas-demo-208601",
            "timeouts": null,
            "user_labels": {
              "name": "quota-monitor"
            }
          },
          "sensitive_attributes": [],
          "private": "eyJlMmJmYjczMC1lY2FhLTExZTYtOGY4OC0zNDM2M2JjN2M0YzAiOnsiY3JlYXRlIjoxMjAwMDAwMDAwMDAwLCJkZWxldGUiOjEyMDAwMDAwMDAwMDAsInVwZGF0ZSI6MTIwMDAwMDAwMDAwMH19",
          "dependencies": [
            "module.project.data.google_project.project",
            "module.project.google_compute_shared_vpc_host_project.shared_vpc_host",
            "module.project.google_compute_shared_vpc_service_project.service_projects",
            "module.project.google_compute_shared_vpc_service_project.shared_vpc_service",
            "module.project.google_kms_crypto_key_iam_member.service_identity_cmek",
            "module.project.google_org_policy_policy.default",
            "module.project.google_project.project",
            "module.project.google_project_iam_member.servicenetworking",
            "module.project.google_project_iam_member.shared_vpc_host_robots",
            "module.project.google_project_service.project_services",
            "module.project.google_project_service_identity.jit_si",
            "module.project.google_project_service_identity.servicenetworking"
          ]
        }
      ]
    },
    {
      "mode": "managed",
      "type": "google_monitoring_alert_policy",
      "name": "alert_policy7",
      "provider": "provider[\"registry.terraform.io/hashicorp/google\"]",
      "instances": [
        {
          "index_key": 0,
          "schema_version": 0,
          "attributes": {
            "alert_strategy": [],
            "combiner": "OR",
            "conditions": [
              {
                "condition_absent": [],
                "condition_matched_log": [],
                "condition_monitoring_query_language": [],
                "condition_threshold": [
                  {
                    "aggregations": [
                      {
                        "alignment_period": "60s",
                        "cross_series_reducer": "",
                        "group_by_fields": [],
                        "per_series_aligner": "ALIGN_MEAN"
                      }
                    ],
                    "comparison": "COMPARISON_GT",
                    "denominator_aggregations": [],
                    "denominator_filter": "",
                    "duration": "0s",
                    "evaluation_missing_data": "",
                    "filter": "metric.type=\"serviceruntime.googleapis.com/quota/allocation/usage\" resource.type=\"consumer_quota\" metric.label.quota_metric=\"compute.googleapis.com/regional_in_use_addresses\"",
                    "threshold_value": 10,
                    "trigger": [
                      {
                        "count": 1,
                        "percent": 0
                      }
                    ]
                  }
                ],
                "display_name": "simple quota threshold for regional_in_use_addresses",
                "name": "projects/iaas-demo-208601/alertPolicies/7911319400172328408/conditions/7911319400172330597"
              }
            ],
            "creation_record": [
              {
                "mutate_time": "2022-12-12T04:31:18.674352162Z",
                "mutated_by": "subin.cho@bespinglobal.com"
              }
            ],
            "display_name": "Quota monitor - In Use Adresses(Regional)",
            "documentation": [
              {
                "content": "Regional_in_use_addresses quota over threshold.",
                "mime_type": "text/markdown"
              }
            ],
            "enabled": false,
            "id": "projects/iaas-demo-208601/alertPolicies/7911319400172328408",
            "name": "projects/iaas-demo-208601/alertPolicies/7911319400172328408",
            "notification_channels": null,
            "project": "iaas-demo-208601",
            "timeouts": null,
            "user_labels": {
              "name": "quota-monitor"
            }
          },
          "sensitive_attributes": [],
          "private": "eyJlMmJmYjczMC1lY2FhLTExZTYtOGY4OC0zNDM2M2JjN2M0YzAiOnsiY3JlYXRlIjoxMjAwMDAwMDAwMDAwLCJkZWxldGUiOjEyMDAwMDAwMDAwMDAsInVwZGF0ZSI6MTIwMDAwMDAwMDAwMH19",
          "dependencies": [
            "module.project.data.google_project.project",
            "module.project.google_compute_shared_vpc_host_project.shared_vpc_host",
            "module.project.google_compute_shared_vpc_service_project.service_projects",
            "module.project.google_compute_shared_vpc_service_project.shared_vpc_service",
            "module.project.google_kms_crypto_key_iam_member.service_identity_cmek",
            "module.project.google_org_policy_policy.default",
            "module.project.google_project.project",
            "module.project.google_project_iam_member.servicenetworking",
            "module.project.google_project_iam_member.shared_vpc_host_robots",
            "module.project.google_project_service.project_services",
            "module.project.google_project_service_identity.jit_si",
            "module.project.google_project_service_identity.servicenetworking"
          ]
        }
      ]
    },
    {
      "mode": "managed",
      "type": "google_monitoring_alert_policy",
      "name": "alert_policy8",
      "provider": "provider[\"registry.terraform.io/hashicorp/google\"]",
      "instances": [
        {
          "index_key": 0,
          "schema_version": 0,
          "attributes": {
            "alert_strategy": [],
            "combiner": "OR",
            "conditions": [
              {
                "condition_absent": [],
                "condition_matched_log": [],
                "condition_monitoring_query_language": [],
                "condition_threshold": [
                  {
                    "aggregations": [
                      {
                        "alignment_period": "60s",
                        "cross_series_reducer": "",
                        "group_by_fields": [],
                        "per_series_aligner": "ALIGN_MEAN"
                      }
                    ],
                    "comparison": "COMPARISON_GT",
                    "denominator_aggregations": [],
                    "denominator_filter": "",
                    "duration": "0s",
                    "evaluation_missing_data": "",
                    "filter": "metric.type=\"serviceruntime.googleapis.com/quota/allocation/usage\" resource.type=\"consumer_quota\" metric.label.quota_metric=\"compute.googleapis.com/firewalls\"",
                    "threshold_value": 10,
                    "trigger": [
                      {
                        "count": 1,
                        "percent": 0
                      }
                    ]
                  }
                ],
                "display_name": "simple quota threshold for Firewall count",
                "name": "projects/iaas-demo-208601/alertPolicies/7911319400172329402/conditions/7911319400172327495"
              }
            ],
            "creation_record": [
              {
                "mutate_time": "2022-12-12T04:31:15.917164888Z",
                "mutated_by": "subin.cho@bespinglobal.com"
              }
            ],
            "display_name": "Quota monitor - Firewalls",
            "documentation": [
              {
                "content": "Firewall count quota over threshold.",
                "mime_type": "text/markdown"
              }
            ],
            "enabled": false,
            "id": "projects/iaas-demo-208601/alertPolicies/7911319400172329402",
            "name": "projects/iaas-demo-208601/alertPolicies/7911319400172329402",
            "notification_channels": null,
            "project": "iaas-demo-208601",
            "timeouts": null,
            "user_labels": {
              "name": "quota-monitor"
            }
          },
          "sensitive_attributes": [],
          "private": "eyJlMmJmYjczMC1lY2FhLTExZTYtOGY4OC0zNDM2M2JjN2M0YzAiOnsiY3JlYXRlIjoxMjAwMDAwMDAwMDAwLCJkZWxldGUiOjEyMDAwMDAwMDAwMDAsInVwZGF0ZSI6MTIwMDAwMDAwMDAwMH19",
          "dependencies": [
            "module.project.data.google_project.project",
            "module.project.google_compute_shared_vpc_host_project.shared_vpc_host",
            "module.project.google_compute_shared_vpc_service_project.service_projects",
            "module.project.google_compute_shared_vpc_service_project.shared_vpc_service",
            "module.project.google_kms_crypto_key_iam_member.service_identity_cmek",
            "module.project.google_org_policy_policy.default",
            "module.project.google_project.project",
            "module.project.google_project_iam_member.servicenetworking",
            "module.project.google_project_iam_member.shared_vpc_host_robots",
            "module.project.google_project_service.project_services",
            "module.project.google_project_service_identity.jit_si",
            "module.project.google_project_service_identity.servicenetworking"
          ]
        }
      ]
    },
    {
      "mode": "managed",
      "type": "google_project_iam_member",
      "name": "network_viewer",
      "provider": "provider[\"registry.terraform.io/hashicorp/google\"]",
      "instances": [
        {
          "index_key": "iaas-demo-208601",
          "schema_version": 0,
          "attributes": {
            "condition": [],
            "etag": "BwXvmfmtxwI=",
            "id": "iaas-demo-208601/roles/compute.networkViewer/serviceAccount:tf-cf-quota-monitor@iaas-demo-208601.iam.gserviceaccount.com",
            "member": "serviceAccount:tf-cf-quota-monitor@iaas-demo-208601.iam.gserviceaccount.com",
            "project": "iaas-demo-208601",
            "role": "roles/compute.networkViewer"
          },
          "sensitive_attributes": [],
          "private": "bnVsbA==",
          "dependencies": [
            "module.cf.google_service_account.service_account",
            "module.project.data.google_project.project",
            "module.project.google_compute_shared_vpc_host_project.shared_vpc_host",
            "module.project.google_compute_shared_vpc_service_project.service_projects",
            "module.project.google_compute_shared_vpc_service_project.shared_vpc_service",
            "module.project.google_kms_crypto_key_iam_member.service_identity_cmek",
            "module.project.google_org_policy_policy.default",
            "module.project.google_project.project",
            "module.project.google_project_iam_member.servicenetworking",
            "module.project.google_project_iam_member.shared_vpc_host_robots",
            "module.project.google_project_service.project_services",
            "module.project.google_project_service_identity.jit_si",
            "module.project.google_project_service_identity.servicenetworking"
          ]
        }
      ]
    },
    {
      "mode": "managed",
      "type": "google_project_iam_member",
      "name": "quota_viewer",
      "provider": "provider[\"registry.terraform.io/hashicorp/google\"]",
      "instances": [
        {
          "index_key": "iaas-demo-208601",
          "schema_version": 0,
          "attributes": {
            "condition": [],
            "etag": "BwXvmfmtxwI=",
            "id": "iaas-demo-208601/roles/servicemanagement.quotaViewer/serviceAccount:tf-cf-quota-monitor@iaas-demo-208601.iam.gserviceaccount.com",
            "member": "serviceAccount:tf-cf-quota-monitor@iaas-demo-208601.iam.gserviceaccount.com",
            "project": "iaas-demo-208601",
            "role": "roles/servicemanagement.quotaViewer"
          },
          "sensitive_attributes": [],
          "private": "bnVsbA==",
          "dependencies": [
            "module.cf.google_service_account.service_account",
            "module.project.data.google_project.project",
            "module.project.google_compute_shared_vpc_host_project.shared_vpc_host",
            "module.project.google_compute_shared_vpc_service_project.service_projects",
            "module.project.google_compute_shared_vpc_service_project.shared_vpc_service",
            "module.project.google_kms_crypto_key_iam_member.service_identity_cmek",
            "module.project.google_org_policy_policy.default",
            "module.project.google_project.project",
            "module.project.google_project_iam_member.servicenetworking",
            "module.project.google_project_iam_member.shared_vpc_host_robots",
            "module.project.google_project_service.project_services",
            "module.project.google_project_service_identity.jit_si",
            "module.project.google_project_service_identity.servicenetworking"
          ]
        }
      ]
    },
    {
      "mode": "managed",
      "type": "random_pet",
      "name": "random",
      "provider": "provider[\"registry.terraform.io/hashicorp/random\"]",
      "instances": [
        {
          "schema_version": 0,
          "attributes": {
            "id": "dodo",
            "keepers": null,
            "length": 1,
            "prefix": null,
            "separator": "-"
          },
          "sensitive_attributes": []
        }
      ]
    },
    {
      "module": "module.cf",
      "mode": "data",
      "type": "archive_file",
      "name": "bundle",
      "provider": "provider[\"registry.terraform.io/hashicorp/archive\"]",
      "instances": [
        {
          "schema_version": 0,
          "attributes": {
            "excludes": null,
            "id": "07fc006e9c57396cf9cc42ca12769812d670ef20",
            "output_base64sha256": "VwYfPAMr6aqVng3n77zW/kFHXby0/Sx2iuJ3vyNaqJ4=",
            "output_file_mode": "0666",
            "output_md5": "abe53a1c779aaf760a047f3a2775d958",
            "output_path": "./bundle.zip",
            "output_sha": "07fc006e9c57396cf9cc42ca12769812d670ef20",
            "output_size": 3177,
            "source": [],
            "source_content": null,
            "source_content_filename": null,
            "source_dir": "cf",
            "source_file": null,
            "type": "zip"
          },
          "sensitive_attributes": []
        }
      ]
    },
    {
      "module": "module.cf",
      "mode": "managed",
      "type": "google_cloudfunctions_function",
      "name": "function",
      "provider": "provider[\"registry.terraform.io/hashicorp/google\"]",
      "instances": [
        {
          "index_key": 0,
          "schema_version": 0,
          "attributes": {
            "available_memory_mb": 256,
            "build_environment_variables": null,
            "build_worker_pool": "",
            "description": "Terraform managed.",
            "docker_registry": "CONTAINER_REGISTRY",
            "docker_repository": "",
            "entry_point": "main",
            "environment_variables": {
              "PYTHON37_DRAIN_LOGS_ON_CRASH_WAIT_SEC": "5",
              "USE_WORKER_V2": "true"
            },
            "event_trigger": [
              {
                "event_type": "google.pubsub.topic.publish",
                "failure_policy": [
                  {
                    "retry": false
                  }
                ],
                "resource": "projects/iaas-demo-208601/topics/quota-monitor"
              }
            ],
            "https_trigger_security_level": null,
            "https_trigger_url": null,
            "id": "projects/iaas-demo-208601/locations/asia-northeast3/functions/quota-monitor",
            "ingress_settings": "ALLOW_ALL",
            "kms_key_name": "",
            "labels": null,
            "max_instances": 1,
            "min_instances": 0,
            "name": "quota-monitor",
            "project": "iaas-demo-208601",
            "region": "asia-northeast3",
            "runtime": "python310",
            "secret_environment_variables": [],
            "secret_volumes": [],
            "service_account_email": "tf-cf-quota-monitor@iaas-demo-208601.iam.gserviceaccount.com",
            "source_archive_bucket": "quota-monitor-dodo",
            "source_archive_object": "bundle-abe53a1c779aaf760a047f3a2775d958.zip",
            "source_repository": [],
            "timeout": 180,
            "timeouts": null,
            "trigger_http": null,
            "vpc_connector": "",
            "vpc_connector_egress_settings": ""
          },
          "sensitive_attributes": [],
          "private": "eyJlMmJmYjczMC1lY2FhLTExZTYtOGY4OC0zNDM2M2JjN2M0YzAiOnsiY3JlYXRlIjozMDAwMDAwMDAwMDAsImRlbGV0ZSI6MzAwMDAwMDAwMDAwLCJyZWFkIjozMDAwMDAwMDAwMDAsInVwZGF0ZSI6MzAwMDAwMDAwMDAwfX0=",
          "dependencies": [
            "module.cf.data.archive_file.bundle",
            "module.cf.google_service_account.service_account",
            "module.cf.google_storage_bucket.bucket",
            "module.cf.google_storage_bucket_object.bundle",
            "module.cf.google_vpc_access_connector.connector",
            "module.project.data.google_project.project",
            "module.project.google_compute_shared_vpc_host_project.shared_vpc_host",
            "module.project.google_compute_shared_vpc_service_project.service_projects",
            "module.project.google_compute_shared_vpc_service_project.shared_vpc_service",
            "module.project.google_kms_crypto_key_iam_member.service_identity_cmek",
            "module.project.google_org_policy_policy.default",
            "module.project.google_project.project",
            "module.project.google_project_iam_member.servicenetworking",
            "module.project.google_project_iam_member.shared_vpc_host_robots",
            "module.project.google_project_service.project_services",
            "module.project.google_project_service_identity.jit_si",
            "module.project.google_project_service_identity.servicenetworking",
            "module.pubsub.google_pubsub_schema.default",
            "module.pubsub.google_pubsub_topic.default",
            "module.pubsub.google_pubsub_topic_iam_binding.default",
            "random_pet.random"
          ]
        }
      ]
    },
    {
      "module": "module.cf",
      "mode": "managed",
      "type": "google_service_account",
      "name": "service_account",
      "provider": "provider[\"registry.terraform.io/hashicorp/google\"]",
      "instances": [
        {
          "index_key": 0,
          "schema_version": 0,
          "attributes": {
            "account_id": "tf-cf-quota-monitor",
            "description": "",
            "disabled": false,
            "display_name": "Terraform Cloud Function quota-monitor.",
            "email": "tf-cf-quota-monitor@iaas-demo-208601.iam.gserviceaccount.com",
            "id": "projects/iaas-demo-208601/serviceAccounts/tf-cf-quota-monitor@iaas-demo-208601.iam.gserviceaccount.com",
            "member": "serviceAccount:tf-cf-quota-monitor@iaas-demo-208601.iam.gserviceaccount.com",
            "name": "projects/iaas-demo-208601/serviceAccounts/tf-cf-quota-monitor@iaas-demo-208601.iam.gserviceaccount.com",
            "project": "iaas-demo-208601",
            "timeouts": null,
            "unique_id": "112286413468880922915"
          },
          "sensitive_attributes": [],
          "private": "eyJlMmJmYjczMC1lY2FhLTExZTYtOGY4OC0zNDM2M2JjN2M0YzAiOnsiY3JlYXRlIjozMDAwMDAwMDAwMDB9fQ==",
          "dependencies": [
            "module.project.data.google_project.project",
            "module.project.google_compute_shared_vpc_host_project.shared_vpc_host",
            "module.project.google_compute_shared_vpc_service_project.service_projects",
            "module.project.google_compute_shared_vpc_service_project.shared_vpc_service",
            "module.project.google_kms_crypto_key_iam_member.service_identity_cmek",
            "module.project.google_org_policy_policy.default",
            "module.project.google_project.project",
            "module.project.google_project_iam_member.servicenetworking",
            "module.project.google_project_iam_member.shared_vpc_host_robots",
            "module.project.google_project_service.project_services",
            "module.project.google_project_service_identity.jit_si",
            "module.project.google_project_service_identity.servicenetworking"
          ]
        }
      ]
    },
    {
      "module": "module.cf",
      "mode": "managed",
      "type": "google_storage_bucket",
      "name": "bucket",
      "provider": "provider[\"registry.terraform.io/hashicorp/google\"]",
      "instances": [
        {
          "index_key": 0,
          "schema_version": 0,
          "attributes": {
            "cors": [],
            "custom_placement_config": [],
            "default_event_based_hold": false,
            "encryption": [],
            "force_destroy": false,
            "id": "quota-monitor-dodo",
            "labels": null,
            "lifecycle_rule": [],
            "location": "ASIA-NORTHEAST3",
            "logging": [],
            "name": "quota-monitor-dodo",
            "project": "iaas-demo-208601",
            "public_access_prevention": "inherited",
            "requester_pays": false,
            "retention_policy": [],
            "self_link": "https://www.googleapis.com/storage/v1/b/quota-monitor-dodo",
            "storage_class": "STANDARD",
            "timeouts": null,
            "uniform_bucket_level_access": true,
            "url": "gs://quota-monitor-dodo",
            "versioning": [],
            "website": []
          },
          "sensitive_attributes": [],
          "private": "eyJlMmJmYjczMC1lY2FhLTExZTYtOGY4OC0zNDM2M2JjN2M0YzAiOnsiY3JlYXRlIjoyNDAwMDAwMDAwMDAsInJlYWQiOjI0MDAwMDAwMDAwMCwidXBkYXRlIjoyNDAwMDAwMDAwMDB9fQ==",
          "dependencies": [
            "module.project.data.google_project.project",
            "module.project.google_compute_shared_vpc_host_project.shared_vpc_host",
            "module.project.google_compute_shared_vpc_service_project.service_projects",
            "module.project.google_compute_shared_vpc_service_project.shared_vpc_service",
            "module.project.google_kms_crypto_key_iam_member.service_identity_cmek",
            "module.project.google_org_policy_policy.default",
            "module.project.google_project.project",
            "module.project.google_project_iam_member.servicenetworking",
            "module.project.google_project_iam_member.shared_vpc_host_robots",
            "module.project.google_project_service.project_services",
            "module.project.google_project_service_identity.jit_si",
            "module.project.google_project_service_identity.servicenetworking",
            "random_pet.random"
          ]
        }
      ]
    },
    {
      "module": "module.cf",
      "mode": "managed",
      "type": "google_storage_bucket_object",
      "name": "bundle",
      "provider": "provider[\"registry.terraform.io/hashicorp/google\"]",
      "instances": [
        {
          "schema_version": 0,
          "attributes": {
            "bucket": "quota-monitor-dodo",
            "cache_control": "",
            "content": null,
            "content_disposition": "",
            "content_encoding": "",
            "content_language": "",
            "content_type": "application/zip",
            "crc32c": "FmIw7Q==",
            "customer_encryption": [],
            "detect_md5hash": "q+U6HHear3YKBH86J3XZWA==",
            "event_based_hold": false,
            "id": "quota-monitor-dodo-bundle-abe53a1c779aaf760a047f3a2775d958.zip",
            "kms_key_name": "",
            "md5hash": "q+U6HHear3YKBH86J3XZWA==",
            "media_link": "https://storage.googleapis.com/download/storage/v1/b/quota-monitor-dodo/o/bundle-abe53a1c779aaf760a047f3a2775d958.zip?generation=1670819476718894\u0026alt=media",
            "metadata": null,
            "name": "bundle-abe53a1c779aaf760a047f3a2775d958.zip",
            "output_name": "bundle-abe53a1c779aaf760a047f3a2775d958.zip",
            "self_link": "https://www.googleapis.com/storage/v1/b/quota-monitor-dodo/o/bundle-abe53a1c779aaf760a047f3a2775d958.zip",
            "source": "./bundle.zip",
            "storage_class": "STANDARD",
            "temporary_hold": false,
            "timeouts": null
          },
          "sensitive_attributes": [],
          "private": "eyJlMmJmYjczMC1lY2FhLTExZTYtOGY4OC0zNDM2M2JjN2M0YzAiOnsiY3JlYXRlIjoyNDAwMDAwMDAwMDAsImRlbGV0ZSI6MjQwMDAwMDAwMDAwLCJ1cGRhdGUiOjI0MDAwMDAwMDAwMH19",
          "dependencies": [
            "module.cf.data.archive_file.bundle",
            "module.cf.google_storage_bucket.bucket",
            "module.project.data.google_project.project",
            "module.project.google_compute_shared_vpc_host_project.shared_vpc_host",
            "module.project.google_compute_shared_vpc_service_project.service_projects",
            "module.project.google_compute_shared_vpc_service_project.shared_vpc_service",
            "module.project.google_kms_crypto_key_iam_member.service_identity_cmek",
            "module.project.google_org_policy_policy.default",
            "module.project.google_project.project",
            "module.project.google_project_iam_member.servicenetworking",
            "module.project.google_project_iam_member.shared_vpc_host_robots",
            "module.project.google_project_service.project_services",
            "module.project.google_project_service_identity.jit_si",
            "module.project.google_project_service_identity.servicenetworking",
            "random_pet.random"
          ]
        }
      ]
    },
    {
      "module": "module.project",
      "mode": "data",
      "type": "google_project",
      "name": "project",
      "provider": "provider[\"registry.terraform.io/hashicorp/google\"]",
      "instances": [
        {
          "index_key": 0,
          "schema_version": 0,
          "attributes": {
            "auto_create_network": null,
            "billing_account": "01D5AD-C59D61-84F4C4",
            "folder_id": "116935072658",
            "id": "projects/iaas-demo-208601",
            "labels": {
              "firebase": "enabled",
              "test": "test"
            },
            "name": "iaas-demo",
            "number": "723762107798",
            "org_id": "",
            "project_id": "iaas-demo-208601",
            "skip_delete": null
          },
          "sensitive_attributes": []
        }
      ]
    },
    {
      "module": "module.project",
      "mode": "managed",
      "type": "google_project_iam_binding",
      "name": "authoritative",
      "provider": "provider[\"registry.terraform.io/hashicorp/google\"]",
      "instances": [
        {
          "index_key": "roles/monitoring.metricWriter",
          "schema_version": 0,
          "attributes": {
            "condition": [],
            "etag": "BwXvmfmtxwI=",
            "id": "iaas-demo-208601/roles/monitoring.metricWriter",
            "members": [
              "serviceAccount:tf-cf-quota-monitor@iaas-demo-208601.iam.gserviceaccount.com"
            ],
            "project": "iaas-demo-208601",
            "role": "roles/monitoring.metricWriter"
          },
          "sensitive_attributes": [],
          "private": "bnVsbA==",
          "dependencies": [
            "module.cf.google_service_account.service_account",
            "module.project.data.google_project.project",
            "module.project.google_compute_shared_vpc_host_project.shared_vpc_host",
            "module.project.google_compute_shared_vpc_service_project.service_projects",
            "module.project.google_compute_shared_vpc_service_project.shared_vpc_service",
            "module.project.google_kms_crypto_key_iam_member.service_identity_cmek",
            "module.project.google_org_policy_policy.default",
            "module.project.google_project.project",
            "module.project.google_project_iam_custom_role.roles",
            "module.project.google_project_iam_member.servicenetworking",
            "module.project.google_project_iam_member.shared_vpc_host_robots",
            "module.project.google_project_service.project_services",
            "module.project.google_project_service_identity.jit_si",
            "module.project.google_project_service_identity.servicenetworking"
          ]
        }
      ]
    },
    {
      "module": "module.project",
      "mode": "managed",
      "type": "google_project_service",
      "name": "project_services",
      "provider": "provider[\"registry.terraform.io/hashicorp/google\"]",
      "instances": [
        {
          "index_key": "cloudfunctions.googleapis.com",
          "schema_version": 0,
          "attributes": {
            "disable_dependent_services": false,
            "disable_on_destroy": false,
            "id": "iaas-demo-208601/cloudfunctions.googleapis.com",
            "project": "iaas-demo-208601",
            "service": "cloudfunctions.googleapis.com",
            "timeouts": null
          },
          "sensitive_attributes": [],
          "private": "eyJlMmJmYjczMC1lY2FhLTExZTYtOGY4OC0zNDM2M2JjN2M0YzAiOnsiY3JlYXRlIjoxMjAwMDAwMDAwMDAwLCJkZWxldGUiOjEyMDAwMDAwMDAwMDAsInJlYWQiOjYwMDAwMDAwMDAwMCwidXBkYXRlIjoxMjAwMDAwMDAwMDAwfX0=",
          "dependencies": [
            "module.project.data.google_project.project",
            "module.project.google_project.project"
          ]
        },
        {
          "index_key": "compute.googleapis.com",
          "schema_version": 0,
          "attributes": {
            "disable_dependent_services": false,
            "disable_on_destroy": false,
            "id": "iaas-demo-208601/compute.googleapis.com",
            "project": "iaas-demo-208601",
            "service": "compute.googleapis.com",
            "timeouts": null
          },
          "sensitive_attributes": [],
          "private": "eyJlMmJmYjczMC1lY2FhLTExZTYtOGY4OC0zNDM2M2JjN2M0YzAiOnsiY3JlYXRlIjoxMjAwMDAwMDAwMDAwLCJkZWxldGUiOjEyMDAwMDAwMDAwMDAsInJlYWQiOjYwMDAwMDAwMDAwMCwidXBkYXRlIjoxMjAwMDAwMDAwMDAwfX0=",
          "dependencies": [
            "module.project.data.google_project.project",
            "module.project.google_project.project"
          ]
        }
      ]
    },
    {
      "module": "module.pubsub",
      "mode": "managed",
      "type": "google_pubsub_subscription",
      "name": "default",
      "provider": "provider[\"registry.terraform.io/hashicorp/google\"]",
      "instances": [
        {
          "index_key": "quota-monitor-default",
          "schema_version": 0,
          "attributes": {
            "ack_deadline_seconds": 10,
            "bigquery_config": [],
            "dead_letter_policy": [],
            "enable_exactly_once_delivery": false,
            "enable_message_ordering": false,
            "expiration_policy": [
              {
                "ttl": "2678400s"
              }
            ],
            "filter": "",
            "id": "projects/iaas-demo-208601/subscriptions/quota-monitor-default",
            "labels": null,
            "message_retention_duration": "604800s",
            "name": "quota-monitor-default",
            "project": "iaas-demo-208601",
            "push_config": [],
            "retain_acked_messages": false,
            "retry_policy": [],
            "timeouts": null,
            "topic": "projects/iaas-demo-208601/topics/quota-monitor"
          },
          "sensitive_attributes": [],
          "private": "eyJlMmJmYjczMC1lY2FhLTExZTYtOGY4OC0zNDM2M2JjN2M0YzAiOnsiY3JlYXRlIjoxMjAwMDAwMDAwMDAwLCJkZWxldGUiOjEyMDAwMDAwMDAwMDAsInVwZGF0ZSI6MTIwMDAwMDAwMDAwMH19",
          "dependencies": [
            "module.project.data.google_project.project",
            "module.project.google_compute_shared_vpc_host_project.shared_vpc_host",
            "module.project.google_compute_shared_vpc_service_project.service_projects",
            "module.project.google_compute_shared_vpc_service_project.shared_vpc_service",
            "module.project.google_kms_crypto_key_iam_member.service_identity_cmek",
            "module.project.google_org_policy_policy.default",
            "module.project.google_project.project",
            "module.project.google_project_iam_member.servicenetworking",
            "module.project.google_project_iam_member.shared_vpc_host_robots",
            "module.project.google_project_service.project_services",
            "module.project.google_project_service_identity.jit_si",
            "module.project.google_project_service_identity.servicenetworking",
            "module.pubsub.google_pubsub_schema.default",
            "module.pubsub.google_pubsub_topic.default"
          ]
        }
      ]
    },
    {
      "module": "module.pubsub",
      "mode": "managed",
      "type": "google_pubsub_topic",
      "name": "default",
      "provider": "provider[\"registry.terraform.io/hashicorp/google\"]",
      "instances": [
        {
          "schema_version": 0,
          "attributes": {
            "id": "projects/iaas-demo-208601/topics/quota-monitor",
            "kms_key_name": "",
            "labels": null,
            "message_retention_duration": "",
            "message_storage_policy": [],
            "name": "quota-monitor",
            "project": "iaas-demo-208601",
            "schema_settings": [],
            "timeouts": null
          },
          "sensitive_attributes": [],
          "private": "eyJlMmJmYjczMC1lY2FhLTExZTYtOGY4OC0zNDM2M2JjN2M0YzAiOnsiY3JlYXRlIjoxMjAwMDAwMDAwMDAwLCJkZWxldGUiOjEyMDAwMDAwMDAwMDAsInVwZGF0ZSI6MTIwMDAwMDAwMDAwMH19",
          "dependencies": [
            "module.project.data.google_project.project",
            "module.project.google_compute_shared_vpc_host_project.shared_vpc_host",
            "module.project.google_compute_shared_vpc_service_project.service_projects",
            "module.project.google_compute_shared_vpc_service_project.shared_vpc_service",
            "module.project.google_kms_crypto_key_iam_member.service_identity_cmek",
            "module.project.google_org_policy_policy.default",
            "module.project.google_project.project",
            "module.project.google_project_iam_member.servicenetworking",
            "module.project.google_project_iam_member.shared_vpc_host_robots",
            "module.project.google_project_service.project_services",
            "module.project.google_project_service_identity.jit_si",
            "module.project.google_project_service_identity.servicenetworking",
            "module.pubsub.google_pubsub_schema.default"
          ]
        }
      ]
    }
  ],
  "check_results": []
}
